
Microsoft Visual Studio Solution File, Format Version 12.00
# Visual Studio 15
VisualStudioVersion = 15.0.27703.2035
MinimumVisualStudioVersion = 10.0.40219.1
Project("{9A19103F-16F7-4668-BE54-9A1E7A4F7556}") = "Api", "InMemTest\Api.csproj", "{5C32133C-C475-4BC0-A759-42DA16FF0A86}"
EndProject
Project("{FAE04EC0-301F-11D3-BF4B-00C04F79EFBC}") = "Api.Test", "Api.Test\Api.Test.csproj", "{2B628168-C402-4A43-9774-2D61F10B867D}"
EndProject
Global
	GlobalSection(SolutionConfigurationPlatforms) = preSolution
		Debug|Any CPU = Debug|Any CPU
		Release|Any CPU = Release|Any CPU
	EndGlobalSection
	GlobalSection(ProjectConfigurationPlatforms) = postSolution
		{5C32133C-C475-4BC0-A759-42DA16FF0A86}.Debug|Any CPU.ActiveCfg = Debug|Any CPU
		{5C32133C-C475-4BC0-A759-42DA16FF0A86}.Debug|Any CPU.Build.0 = Debug|Any CPU
		{5C32133C-C475-4BC0-A759-42DA16FF0A86}.Release|Any CPU.ActiveCfg = Release|Any CPU
		{5C32133C-C475-4BC0-A759-42DA16FF0A86}.Release|Any CPU.Build.0 = Release|Any CPU
		{2B628168-C402-4A43-9774-2D61F10B867D}.Debug|Any CPU.ActiveCfg = Debug|Any CPU
		{2B628168-C402-4A43-9774-2D61F10B867D}.Debug|Any CPU.Build.0 = Debug|Any CPU
		{2B628168-C402-4A43-9774-2D61F10B867D}.Release|Any CPU.ActiveCfg = Release|Any CPU
		{2B628168-C402-4A43-9774-2D61F10B867D}.Release|Any CPU.Build.0 = Release|Any CPU
	EndGlobalSection
	GlobalSection(SolutionProperties) = preSolution
		HideSolutionNode = FALSE
	EndGlobalSection
	GlobalSection(ExtensibilityGlobals) = postSolution
		SolutionGuid = {2E9BBC0F-0CF8-491E-ABFE-F4CDD5EFE5B8}
	EndGlobalSection
EndGlobal
